
Microsoft Visual Studio Solution File, Format Version 12.00
# Visual Studio 15
VisualStudioVersion = 15.0.34031.82
MinimumVisualStudioVersion = 10.0.40219.1
Project("{8BC9CEB8-8B4A-11D0-8D11-00A0C91BC942}") = "Копирование умных массивов", "Копирование умных массивов\Копирование умных массивов.vcxproj", "{0D32F1A1-E70D-4455-9A8E-D4585B9A3ECE}"
EndProject
Global
	GlobalSection(SolutionConfigurationPlatforms) = preSolution
		Debug|x64 = Debug|x64
		Debug|x86 = Debug|x86
		Release|x64 = Release|x64
		Release|x86 = Release|x86
	EndGlobalSection
	GlobalSection(ProjectConfigurationPlatforms) = postSolution
		{0D32F1A1-E70D-4455-9A8E-D4585B9A3ECE}.Debug|x64.ActiveCfg = Debug|x64
		{0D32F1A1-E70D-4455-9A8E-D4585B9A3ECE}.Debug|x64.Build.0 = Debug|x64
		{0D32F1A1-E70D-4455-9A8E-D4585B9A3ECE}.Debug|x86.ActiveCfg = Debug|Win32
		{0D32F1A1-E70D-4455-9A8E-D4585B9A3ECE}.Debug|x86.Build.0 = Debug|Win32
		{0D32F1A1-E70D-4455-9A8E-D4585B9A3ECE}.Release|x64.ActiveCfg = Release|x64
		{0D32F1A1-E70D-4455-9A8E-D4585B9A3ECE}.Release|x64.Build.0 = Release|x64
		{0D32F1A1-E70D-4455-9A8E-D4585B9A3ECE}.Release|x86.ActiveCfg = Release|Win32
		{0D32F1A1-E70D-4455-9A8E-D4585B9A3ECE}.Release|x86.Build.0 = Release|Win32
	EndGlobalSection
	GlobalSection(SolutionProperties) = preSolution
		HideSolutionNode = FALSE
	EndGlobalSection
	GlobalSection(ExtensibilityGlobals) = postSolution
		SolutionGuid = {362D1F67-C92B-410D-981E-7F8821168500}
	EndGlobalSection
EndGlobal
